
Microsoft Visual Studio Solution File, Format Version 12.00
# Visual Studio Version 17
VisualStudioVersion = 17.11.35303.130
MinimumVisualStudioVersion = 10.0.40219.1
Project("{FAE04EC0-301F-11D3-BF4B-00C04F79EFBC}") = "PointToPoint", "PointToPoint\PointToPoint.csproj", "{FBF9779F-F64E-4C9A-A4E1-ED5F9E383F58}"
EndProject
Global
	GlobalSection(SolutionConfigurationPlatforms) = preSolution
		Debug|Any CPU = Debug|Any CPU
		Release|Any CPU = Release|Any CPU
	EndGlobalSection
	GlobalSection(ProjectConfigurationPlatforms) = postSolution
		{FBF9779F-F64E-4C9A-A4E1-ED5F9E383F58}.Debug|Any CPU.ActiveCfg = Debug|Any CPU
		{FBF9779F-F64E-4C9A-A4E1-ED5F9E383F58}.Debug|Any CPU.Build.0 = Debug|Any CPU
		{FBF9779F-F64E-4C9A-A4E1-ED5F9E383F58}.Release|Any CPU.ActiveCfg = Release|Any CPU
		{FBF9779F-F64E-4C9A-A4E1-ED5F9E383F58}.Release|Any CPU.Build.0 = Release|Any CPU
	EndGlobalSection
	GlobalSection(SolutionProperties) = preSolution
		HideSolutionNode = FALSE
	EndGlobalSection
	GlobalSection(ExtensibilityGlobals) = postSolution
		SolutionGuid = {6A24703D-6B98-4CDA-A3C1-D9D5C44BCE82}
	EndGlobalSection
EndGlobal
